PODS:
  - Alamofire (5.0.5)
  - AlamofireImage (4.0.3):
    - Alamofire (< 6.0.0, >= 5.0.2)
  - AlamofireNetworkActivityLogger (3.0.0):
    - Alamofire (~> 5.0.0-rc.2)
  - CardScan (1.0.5049):
    - CardScan/Core (= 1.0.5049)
  - CardScan/Core (1.0.5049)
  - DeepDiff (2.3.1)
  - Disk (0.6.4)
  - DTTJailbreakDetection (0.4.0)
  - FacebookSDK (6.0.0):
    - FacebookSDK/CoreKit (= 6.0.0)
    - FacebookSDK/MarketingKit (= 6.0.0)
  - FacebookSDK/CoreKit (6.0.0):
    - FBSDKCoreKit (~> 6.0.0)
  - FacebookSDK/MarketingKit (6.0.0):
    - FacebookSDK/CoreKit
    - FBSDKMarketingKit (~> 6.0.0)
  - FBSDKCoreKit (6.0.0):
    - FBSDKCoreKit/Basics (= 6.0.0)
    - FBSDKCoreKit/Core (= 6.0.0)
  - FBSDKCoreKit/Basics (6.0.0)
  - FBSDKCoreKit/Core (6.0.0):
    - FBSDKCoreKit/Basics
  - FBSDKLoginKit (6.0.0):
    - FBSDKLoginKit/Login (= 6.0.0)
  - FBSDKLoginKit/Login (6.0.0):
    - FBSDKCoreKit (~> 6.0.0)
  - FBSDKMarketingKit (6.0.0):
    - FBSDKCoreKit (~> 6.0.0)
  - Firebase (6.34.0):
    - Firebase/Core (= 6.34.0)
  - Firebase/Analytics (6.34.0):
    - Firebase/Core
  - Firebase/Core (6.34.0):
    - Firebase/CoreOnly
    - FirebaseAnalytics (= 6.9.0)
  - Firebase/CoreOnly (6.34.0):
    - FirebaseCore (= 6.10.4)
  - Firebase/RemoteConfig (6.34.0):
    - Firebase/CoreOnly
    - FirebaseRemoteConfig (~> 4.9.1)
  - FirebaseABTesting (4.2.0):
    - FirebaseCore (~> 6.10)
  - FirebaseAnalytics (6.9.0):
    - FirebaseCore (~> 6.10)
    - FirebaseInstallations (~> 1.7)
    - GoogleAppMeasurement (= 6.9.0)
    - GoogleUtilities/AppDelegateSwizzler (~> 6.7)
    - GoogleUtilities/MethodSwizzler (~> 6.7)
    - GoogleUtilities/Network (~> 6.7)
    - "GoogleUtilities/NSData+zlib (~> 6.7)"
    - nanopb (~> 1.30906.0)
  - FirebaseCore (6.10.4):
    - FirebaseCoreDiagnostics (~> 1.6)
    - GoogleUtilities/Environment (~> 6.7)
    - GoogleUtilities/Logger (~> 6.7)
  - FirebaseCoreDiagnostics (1.7.0):
    - GoogleDataTransport (~> 7.4)
    - GoogleUtilities/Environment (~> 6.7)
    - GoogleUtilities/Logger (~> 6.7)
    - nanopb (~> 1.30906.0)
  - FirebaseInstallations (1.7.0):
    - FirebaseCore (~> 6.10)
    - GoogleUtilities/Environment (~> 6.7)
    - GoogleUtilities/UserDefaults (~> 6.7)
    - PromisesObjC (~> 1.2)
  - FirebaseRemoteConfig (4.9.1):
    - FirebaseABTesting (~> 4.2)
    - FirebaseCore (~> 6.10)
    - FirebaseInstallations (~> 1.6)
    - GoogleUtilities/Environment (~> 6.7)
    - "GoogleUtilities/NSData+zlib (~> 6.7)"
  - GoogleAppMeasurement (6.9.0):
    - GoogleUtilities/AppDelegateSwizzler (~> 6.7)
    - GoogleUtilities/MethodSwizzler (~> 6.7)
    - GoogleUtilities/Network (~> 6.7)
    - "GoogleUtilities/NSData+zlib (~> 6.7)"
    - nanopb (~> 1.30906.0)
  - GoogleDataTransport (7.5.1):
    - nanopb (~> 1.30906.0)
  - GoogleUtilities/AppDelegateSwizzler (6.7.2):
    - GoogleUtilities/Environment
    - GoogleUtilities/Logger
    - GoogleUtilities/Network
  - GoogleUtilities/Environment (6.7.2):
    - PromisesObjC (~> 1.2)
  - GoogleUtilities/Logger (6.7.2):
    - GoogleUtilities/Environment
  - GoogleUtilities/MethodSwizzler (6.7.2):
    - GoogleUtilities/Logger
  - GoogleUtilities/Network (6.7.2):
    - GoogleUtilities/Logger
    - "GoogleUtilities/NSData+zlib"
    - GoogleUtilities/Reachability
  - "GoogleUtilities/NSData+zlib (6.7.2)"
  - GoogleUtilities/Reachability (6.7.2):
    - GoogleUtilities/Logger
  - GoogleUtilities/UserDefaults (6.7.2):
    - GoogleUtilities/Logger
  - JWTDecode (2.5.0)
  - KeychainAccess (4.2.1)
  - Keys (1.0.1)
  - nanopb (1.30906.0):
    - nanopb/decode (= 1.30906.0)
    - nanopb/encode (= 1.30906.0)
  - nanopb/decode (1.30906.0)
  - nanopb/encode (1.30906.0)
  - PromisesObjC (1.2.11)
  - SwiftyRSA (1.5.0):
    - SwiftyRSA/ObjC (= 1.5.0)
  - SwiftyRSA/ObjC (1.5.0)
  - ZendeskCommonUISDK (6.0.0):
    - ZendeskSDKConfigurationsSDK (~> 1.1.6)
  - ZendeskCoreSDK (2.4.1)
  - ZendeskMessagingAPISDK (3.8.0):
    - ZendeskSDKConfigurationsSDK (~> 1.1.6)
  - ZendeskMessagingSDK (3.8.0):
    - ZendeskCommonUISDK (~> 6.0.0)
    - ZendeskMessagingAPISDK (~> 3.8.0)
  - ZendeskSDKConfigurationsSDK (1.1.6)
  - ZendeskSupportProvidersSDK (5.1.1):
    - ZendeskCoreSDK (~> 2.4.1)
  - ZendeskSupportSDK (5.1.1):
    - ZendeskMessagingSDK (~> 3.8.0)
    - ZendeskSupportProvidersSDK (~> 5.1.1)
  - ZXingObjC (3.6.5):
    - ZXingObjC/All (= 3.6.5)
  - ZXingObjC/All (3.6.5)

DEPENDENCIES:
  - Alamofire (~> 5.0.0-rc.3)
  - AlamofireImage (~> 4.0.0-beta.6)
  - AlamofireNetworkActivityLogger
  - "CardScan (from `git@git.bink.com:Pantheon/iOS/cardscan-ios.git`)"
  - DeepDiff
  - Disk
  - DTTJailbreakDetection
  - FacebookSDK (~> 6.0.0)
  - FBSDKLoginKit (~> 6.0.0)
  - Firebase
  - Firebase/Analytics
  - Firebase/RemoteConfig
  - JWTDecode (~> 2.4)
  - KeychainAccess (~> 4.1)
  - Keys (from `Pods/CocoaPodsKeys`)
  - "SwiftyRSA (from `git@git.bink.com:Pantheon/iOS/SwiftyRSA.git`)"
  - ZendeskSupportSDK
  - ZXingObjC (~> 3.6.5)

SPEC REPOS:
  trunk:
    - Alamofire
    - AlamofireImage
    - AlamofireNetworkActivityLogger
    - DeepDiff
    - Disk
    - DTTJailbreakDetection
    - FacebookSDK
    - FBSDKCoreKit
    - FBSDKLoginKit
    - FBSDKMarketingKit
    - Firebase
    - FirebaseABTesting
    - FirebaseAnalytics
    - FirebaseCore
    - FirebaseCoreDiagnostics
    - FirebaseInstallations
    - FirebaseRemoteConfig
    - GoogleAppMeasurement
    - GoogleDataTransport
    - GoogleUtilities
    - JWTDecode
    - KeychainAccess
    - nanopb
    - PromisesObjC
    - ZendeskCommonUISDK
    - ZendeskCoreSDK
    - ZendeskMessagingAPISDK
    - ZendeskMessagingSDK
    - ZendeskSDKConfigurationsSDK
    - ZendeskSupportProvidersSDK
    - ZendeskSupportSDK
    - ZXingObjC

EXTERNAL SOURCES:
  CardScan:
    :git: "git@git.bink.com:Pantheon/iOS/cardscan-ios.git"
  Keys:
    :path: Pods/CocoaPodsKeys
  SwiftyRSA:
    :git: "git@git.bink.com:Pantheon/iOS/SwiftyRSA.git"

CHECKOUT OPTIONS:
  CardScan:
    :commit: aa1a9c0454b7689e91650625b99eb7fc8320e25a
    :git: "git@git.bink.com:Pantheon/iOS/cardscan-ios.git"
  SwiftyRSA:
    :commit: 856b75c249607ee4fbd8634aea62135dfb17fd83
    :git: "git@git.bink.com:Pantheon/iOS/SwiftyRSA.git"

SPEC CHECKSUMS:
  Alamofire: df2f8f826963b08b9a870791ad48e07a10090b2e
  AlamofireImage: 3d1a2010519e58675318735580eb856e88840ff7
  AlamofireNetworkActivityLogger: 94e8a7d454a4a9800cef1d0c1d3699754493684b
  CardScan: ff2d73951a829020bbb5cb1309355f1006c412f7
  DeepDiff: e5ae6c50d0321568e4508cec5930b9f10bb293fc
  Disk: dcee5c2e98fb72f9a924cde8da8435b08244a80e
  DTTJailbreakDetection: 5e356c5badc17995f65a83ed9483f787a0057b71
  FacebookSDK: c9c27c7d3c0fc189fab6b2f735b3a97b83fbe6e3
  FBSDKCoreKit: fe738b172590e622c86735b45e20d196848b54df
  FBSDKLoginKit: fa57df1b967fe0e147b25bede6ea4e9cdf4d64be
  FBSDKMarketingKit: 23dc92210340019f88e9fc1edbbc8c1ec43914b3
  Firebase: c23a36d9e4cdf7877dfcba8dd0c58add66358999
  FirebaseABTesting: 8a9d8df3acc2b43f4a22014ddf9f601bca6af699
  FirebaseAnalytics: 3bb096873ee0d7fa4b6c70f5e9166b6da413cc7f
  FirebaseCore: d3a978a3cfa3240bf7e4ba7d137fdf5b22b628ec
  FirebaseCoreDiagnostics: 770ac5958e1372ce67959ae4b4f31d8e127c3ac1
  FirebaseInstallations: 466c7b4d1f58fe16707693091da253726a731ed2
  FirebaseRemoteConfig: 35a729305f254fb15a2e541d4b36f3a379da7fdc
  GoogleAppMeasurement: a6a3a066369828db64eda428cb2856dc1cdc7c4e
  GoogleDataTransport: f56af7caa4ed338dc8e138a5d7c5973e66440833
  GoogleUtilities: 7f2f5a07f888cdb145101d6042bc4422f57e70b3
  JWTDecode: d4c176a28a29f7e6f9abf5c90ad3002f69b98c7c
  KeychainAccess: 9b07f665298d13c3a85881bd3171f6f49b8151c1
  Keys: a576f4c9c1c641ca913a959a9c62ed3f215a8de9
  nanopb: 59317e09cf1f1a0af72f12af412d54edf52603fc
  PromisesObjC: 8c196f5a328c2cba3e74624585467a557dcb482f
  SwiftyRSA: 56a08a690d181194d7c4babc0daaeaeb6b71bf27
  ZendeskCommonUISDK: f496b95e2cb728bd5729fe022f400cf1dedda00b
  ZendeskCoreSDK: 2dc9457ae01d024ca02f60f6134ad1ad90136c29
  ZendeskMessagingAPISDK: e315a6ad7a9b6cae9e52d946df4aa8a7727abdf5
  ZendeskMessagingSDK: 774d88bec0671d58ae51c9964d4c4f9bb4142095
  ZendeskSDKConfigurationsSDK: 2fa9413915db85c993f58ad8f7902bea0b6090a5
  ZendeskSupportProvidersSDK: 51c9d4a826f7bd87e3109e5c801c602a6b62c762
  ZendeskSupportSDK: dcb2596ad05a63d662e8c7924357babbf327b421
  ZXingObjC: fdbb269f25dd2032da343e06f10224d62f537bdb

PODFILE CHECKSUM: d4a853ac0f6d786c30c52460508f2e8872a976af

COCOAPODS: 1.9.3
