PODS:
  - CardScan (1.0.5049):
    - CardScan/Core (= 1.0.5049)
  - CardScan/Core (1.0.5049)
  - DTTJailbreakDetection (0.4.0)
  - JWTDecode (2.6.2)
  - Keys (1.0.1)
  - SwiftGen (6.4.0)
  - SwiftLint (0.43.1)
  - SwiftyRSA (1.6.0):
    - SwiftyRSA/ObjC (= 1.6.0)
  - SwiftyRSA/ObjC (1.6.0)
  - ZendeskCommonUISDK (6.1.0)
  - ZendeskCoreSDK (2.5.0)
  - ZendeskMessagingAPISDK (3.8.1):
    - ZendeskSDKConfigurationsSDK (~> 1.1.7)
  - ZendeskMessagingSDK (3.8.1):
    - ZendeskCommonUISDK (~> 6.1.0)
    - ZendeskMessagingAPISDK (~> 3.8.1)
  - ZendeskSDKConfigurationsSDK (1.1.7)
  - ZendeskSupportProvidersSDK (5.2.0):
    - ZendeskCoreSDK (~> 2.5.0)
  - ZendeskSupportSDK (5.2.0):
    - ZendeskMessagingSDK (~> 3.8.1)
    - ZendeskSupportProvidersSDK (~> 5.2.0)
  - ZXingObjC (3.6.5):
    - ZXingObjC/All (= 3.6.5)
  - ZXingObjC/All (3.6.5)

DEPENDENCIES:
  - "CardScan (from `git@git.bink.com:Pantheon/iOS/cardscan-ios.git`)"
  - DTTJailbreakDetection (~> 0.4)
  - JWTDecode (~> 2.6)
  - Keys (from `Pods/CocoaPodsKeys`)
  - SwiftGen (~> 6.4)
  - SwiftLint (~> 0.43)
  - "SwiftyRSA (from `git@git.bink.com:Pantheon/iOS/SwiftyRSA.git`)"
  - ZendeskSupportSDK (~> 5.2.0)
  - ZXingObjC (~> 3.6)

SPEC REPOS:
  trunk:
    - DTTJailbreakDetection
    - JWTDecode
    - SwiftGen
    - SwiftLint
    - ZendeskCommonUISDK
    - ZendeskCoreSDK
    - ZendeskMessagingAPISDK
    - ZendeskMessagingSDK
    - ZendeskSDKConfigurationsSDK
    - ZendeskSupportProvidersSDK
    - ZendeskSupportSDK
    - ZXingObjC

EXTERNAL SOURCES:
  CardScan:
    :git: "git@git.bink.com:Pantheon/iOS/cardscan-ios.git"
  Keys:
    :path: Pods/CocoaPodsKeys
  SwiftyRSA:
    :git: "git@git.bink.com:Pantheon/iOS/SwiftyRSA.git"

CHECKOUT OPTIONS:
  CardScan:
    :commit: 12c1bb33beda582d8474256986970f10e22e2b6e
    :git: "git@git.bink.com:Pantheon/iOS/cardscan-ios.git"
  SwiftyRSA:
    :commit: c4f97d7726b5d1cb9480d7e442be4002716d1be9
    :git: "git@git.bink.com:Pantheon/iOS/SwiftyRSA.git"

SPEC CHECKSUMS:
  CardScan: ff2d73951a829020bbb5cb1309355f1006c412f7
  DTTJailbreakDetection: 5e356c5badc17995f65a83ed9483f787a0057b71
  JWTDecode: 2cc56f950540c95fd11b14ff6388f7c6cb9760ab
  Keys: a576f4c9c1c641ca913a959a9c62ed3f215a8de9
  SwiftGen: 67860cc7c3cfc2ed25b9b74cfd55495fc89f9108
  SwiftLint: 99f82d07b837b942dd563c668de129a03fc3fb52
  SwiftyRSA: 3b9c9179744217951facc6a3e9ae8d8c97061ffa
  ZendeskCommonUISDK: 92ca6b16956430a2cb61c89aeaa6ca123d1f81fd
  ZendeskCoreSDK: f3d5dcd6a18186dcecbecd56f66296c40fb2fcb4
  ZendeskMessagingAPISDK: 986919a8f6f11a7019660d1ff798f1efb42fa572
  ZendeskMessagingSDK: bf9a06f0cbb219617d9cf60a46aba1b68c8f3b30
  ZendeskSDKConfigurationsSDK: 45fa87ec8418697f7fce5e56bec472052f0aedb5
  ZendeskSupportProvidersSDK: 5221df6ca45e0b6f12470a5e8e65ccf3ccca17fa
  ZendeskSupportSDK: e100a7a0a1bb5d7d43abbde3338727d985a4986d
  ZXingObjC: fdbb269f25dd2032da343e06f10224d62f537bdb

PODFILE CHECKSUM: ec792455a02b30b42c806dc636adfb751bbb31da

COCOAPODS: 1.10.1
