PODS:
  - Alamofire (5.4.3)
  - AlamofireImage (4.2.0):
    - Alamofire (~> 5.4)
  - AlamofireNetworkActivityLogger (3.4.0):
    - Alamofire (~> 5.4.0)
  - CardScan (1.0.5049):
    - CardScan/Core (= 1.0.5049)
  - CardScan/Core (1.0.5049)
  - DeepDiff (2.3.1)
  - Disk (0.6.4)
  - DTTJailbreakDetection (0.4.0)
  - Firebase (8.6.1):
    - Firebase/Core (= 8.6.1)
  - Firebase/Analytics (8.6.1):
    - Firebase/Core
  - Firebase/Core (8.6.1):
    - Firebase/CoreOnly
    - FirebaseAnalytics (~> 8.6.0)
  - Firebase/CoreOnly (8.6.1):
    - FirebaseCore (= 8.6.1)
  - Firebase/RemoteConfig (8.6.1):
    - Firebase/CoreOnly
    - FirebaseRemoteConfig (~> 8.6.0)
  - FirebaseABTesting (8.6.0):
    - FirebaseCore (~> 8.0)
  - FirebaseAnalytics (8.6.0):
    - FirebaseAnalytics/AdIdSupport (= 8.6.0)
    - FirebaseCore (~> 8.0)
    - FirebaseInstallations (~> 8.0)
    - GoogleUtilities/AppDelegateSwizzler (~> 7.4)
    - GoogleUtilities/MethodSwizzler (~> 7.4)
    - GoogleUtilities/Network (~> 7.4)
    - "GoogleUtilities/NSData+zlib (~> 7.4)"
    - nanopb (~> 2.30908.0)
  - FirebaseAnalytics/AdIdSupport (8.6.0):
    - FirebaseCore (~> 8.0)
    - FirebaseInstallations (~> 8.0)
    - GoogleAppMeasurement (= 8.6.0)
    - GoogleUtilities/AppDelegateSwizzler (~> 7.4)
    - GoogleUtilities/MethodSwizzler (~> 7.4)
    - GoogleUtilities/Network (~> 7.4)
    - "GoogleUtilities/NSData+zlib (~> 7.4)"
    - nanopb (~> 2.30908.0)
  - FirebaseCore (8.6.1):
    - FirebaseCoreDiagnostics (~> 8.0)
    - GoogleUtilities/Environment (~> 7.4)
    - GoogleUtilities/Logger (~> 7.4)
  - FirebaseCoreDiagnostics (8.6.0):
    - GoogleDataTransport (~> 9.0)
    - GoogleUtilities/Environment (~> 7.4)
    - GoogleUtilities/Logger (~> 7.4)
    - nanopb (~> 2.30908.0)
  - FirebaseInstallations (8.6.0):
    - FirebaseCore (~> 8.0)
    - GoogleUtilities/Environment (~> 7.4)
    - GoogleUtilities/UserDefaults (~> 7.4)
    - PromisesObjC (< 3.0, >= 1.2)
  - FirebaseRemoteConfig (8.6.0):
    - FirebaseABTesting (~> 8.0)
    - FirebaseCore (~> 8.0)
    - FirebaseInstallations (~> 8.0)
    - GoogleUtilities/Environment (~> 7.4)
    - "GoogleUtilities/NSData+zlib (~> 7.4)"
  - GoogleAppMeasurement (8.6.0):
    - GoogleAppMeasurement/AdIdSupport (= 8.6.0)
    - GoogleUtilities/AppDelegateSwizzler (~> 7.4)
    - GoogleUtilities/MethodSwizzler (~> 7.4)
    - GoogleUtilities/Network (~> 7.4)
    - "GoogleUtilities/NSData+zlib (~> 7.4)"
    - nanopb (~> 2.30908.0)
  - GoogleAppMeasurement/AdIdSupport (8.6.0):
    - GoogleUtilities/AppDelegateSwizzler (~> 7.4)
    - GoogleUtilities/MethodSwizzler (~> 7.4)
    - GoogleUtilities/Network (~> 7.4)
    - "GoogleUtilities/NSData+zlib (~> 7.4)"
    - nanopb (~> 2.30908.0)
  - GoogleDataTransport (9.1.0):
    - GoogleUtilities/Environment (~> 7.2)
    - nanopb (~> 2.30908.0)
    - PromisesObjC (< 3.0, >= 1.2)
  - GoogleUtilities/AppDelegateSwizzler (7.5.1):
    - GoogleUtilities/Environment
    - GoogleUtilities/Logger
    - GoogleUtilities/Network
  - GoogleUtilities/Environment (7.5.1):
    - PromisesObjC (< 3.0, >= 1.2)
  - GoogleUtilities/Logger (7.5.1):
    - GoogleUtilities/Environment
  - GoogleUtilities/MethodSwizzler (7.5.1):
    - GoogleUtilities/Logger
  - GoogleUtilities/Network (7.5.1):
    - GoogleUtilities/Logger
    - "GoogleUtilities/NSData+zlib"
    - GoogleUtilities/Reachability
  - "GoogleUtilities/NSData+zlib (7.5.1)"
  - GoogleUtilities/Reachability (7.5.1):
    - GoogleUtilities/Logger
  - GoogleUtilities/UserDefaults (7.5.1):
    - GoogleUtilities/Logger
  - JWTDecode (2.6.0)
  - KeychainAccess (4.2.2)
  - Keys (1.0.1)
  - nanopb (2.30908.0):
    - nanopb/decode (= 2.30908.0)
    - nanopb/encode (= 2.30908.0)
  - nanopb/decode (2.30908.0)
  - nanopb/encode (2.30908.0)
  - PromisesObjC (2.0.0)
  - SwiftGen (6.4.0)
  - SwiftLint (0.43.0)
  - SwiftyRSA (1.6.0):
    - SwiftyRSA/ObjC (= 1.6.0)
  - SwiftyRSA/ObjC (1.6.0)
  - ZendeskCommonUISDK (6.1.0)
  - ZendeskCoreSDK (2.5.0)
  - ZendeskMessagingAPISDK (3.8.1):
    - ZendeskSDKConfigurationsSDK (~> 1.1.7)
  - ZendeskMessagingSDK (3.8.1):
    - ZendeskCommonUISDK (~> 6.1.0)
    - ZendeskMessagingAPISDK (~> 3.8.1)
  - ZendeskSDKConfigurationsSDK (1.1.7)
  - ZendeskSupportProvidersSDK (5.2.0):
    - ZendeskCoreSDK (~> 2.5.0)
  - ZendeskSupportSDK (5.2.0):
    - ZendeskMessagingSDK (~> 3.8.1)
    - ZendeskSupportProvidersSDK (~> 5.2.0)
  - ZXingObjC (3.6.5):
    - ZXingObjC/All (= 3.6.5)
  - ZXingObjC/All (3.6.5)

DEPENDENCIES:
  - Alamofire (~> 5.4.3)
  - AlamofireImage (~> 4.2)
  - AlamofireNetworkActivityLogger (~> 3.4.0)
  - "CardScan (from `git@git.bink.com:Pantheon/iOS/cardscan-ios.git`)"
  - DeepDiff (~> 2.3.1)
  - Disk (~> 0.6.4)
  - DTTJailbreakDetection (~> 0.4.0)
  - Firebase (~> 8.6)
  - Firebase/Analytics (~> 8.6)
  - Firebase/RemoteConfig (~> 8.6)
  - JWTDecode (~> 2.6.0)
  - KeychainAccess (~> 4.2.2)
  - Keys (from `Pods/CocoaPodsKeys`)
  - SwiftGen (~> 6.4)
  - SwiftLint (~> 0.43.0)
  - "SwiftyRSA (from `git@git.bink.com:Pantheon/iOS/SwiftyRSA.git`)"
  - ZendeskSupportSDK (~> 5.2.0)
  - ZXingObjC (~> 3.6.5)

SPEC REPOS:
  trunk:
    - Alamofire
    - AlamofireImage
    - AlamofireNetworkActivityLogger
    - DeepDiff
    - Disk
    - DTTJailbreakDetection
    - Firebase
    - FirebaseABTesting
    - FirebaseAnalytics
    - FirebaseCore
    - FirebaseCoreDiagnostics
    - FirebaseInstallations
    - FirebaseRemoteConfig
    - GoogleAppMeasurement
    - GoogleDataTransport
    - GoogleUtilities
    - JWTDecode
    - KeychainAccess
    - nanopb
    - PromisesObjC
    - SwiftGen
    - SwiftLint
    - ZendeskCommonUISDK
    - ZendeskCoreSDK
    - ZendeskMessagingAPISDK
    - ZendeskMessagingSDK
    - ZendeskSDKConfigurationsSDK
    - ZendeskSupportProvidersSDK
    - ZendeskSupportSDK
    - ZXingObjC

EXTERNAL SOURCES:
  CardScan:
    :git: "git@git.bink.com:Pantheon/iOS/cardscan-ios.git"
  Keys:
    :path: Pods/CocoaPodsKeys
  SwiftyRSA:
    :git: "git@git.bink.com:Pantheon/iOS/SwiftyRSA.git"

CHECKOUT OPTIONS:
  CardScan:
    :commit: 12c1bb33beda582d8474256986970f10e22e2b6e
    :git: "git@git.bink.com:Pantheon/iOS/cardscan-ios.git"
  SwiftyRSA:
    :commit: c4f97d7726b5d1cb9480d7e442be4002716d1be9
    :git: "git@git.bink.com:Pantheon/iOS/SwiftyRSA.git"

SPEC CHECKSUMS:
  Alamofire: e447a2774a40c996748296fa2c55112fdbbc42f9
  AlamofireImage: 34a2d90b0e5fe6a5605f85ae4b7b01e784c60192
  AlamofireNetworkActivityLogger: 162ab8aee00e6267a4304d7cc134e13ccfe3bcc5
  CardScan: ff2d73951a829020bbb5cb1309355f1006c412f7
  DeepDiff: e5ae6c50d0321568e4508cec5930b9f10bb293fc
  Disk: dcee5c2e98fb72f9a924cde8da8435b08244a80e
  DTTJailbreakDetection: 5e356c5badc17995f65a83ed9483f787a0057b71
  Firebase: e84d95f6d3a91f634abc384f0751c434cb3aecfa
  FirebaseABTesting: c3e48ebf5e7e5c674c5a131c68e941d7921d83dc
  FirebaseAnalytics: 8f32ae54ad42754f503354782575c4ddfc1425c3
  FirebaseCore: a753c231801f04f5ccd10cc92119ad1b12a61165
  FirebaseCoreDiagnostics: 3721920bde3a9a6d5aa093c1d25e9d3e47f694af
  FirebaseInstallations: 0ede6ffcd215b8f93c19d9b06c1c54e2d4107e98
  FirebaseRemoteConfig: 9ee4672d4eacf646256e26cfac61021b3a390ea4
  GoogleAppMeasurement: 2c0c6e2a7ab3fe730ade6379f732bdefb46f50b0
  GoogleDataTransport: 85fd18ff3019bb85d3f2c551d04c481dedf71fc9
  GoogleUtilities: 3df19e3c24f7bbc291d8b5809aa6b0d41e642437
  JWTDecode: 480ca441ddbd5fbfb2abf17870af62f86436be58
  KeychainAccess: c0c4f7f38f6fc7bbe58f5702e25f7bd2f65abf51
  Keys: a576f4c9c1c641ca913a959a9c62ed3f215a8de9
  nanopb: a0ba3315591a9ae0a16a309ee504766e90db0c96
  PromisesObjC: 68159ce6952d93e17b2dfe273b8c40907db5ba58
  SwiftGen: 67860cc7c3cfc2ed25b9b74cfd55495fc89f9108
  SwiftLint: 0c645fdc6feed3e390c1701ab3cc669f88b42752
  SwiftyRSA: 3b9c9179744217951facc6a3e9ae8d8c97061ffa
  ZendeskCommonUISDK: 92ca6b16956430a2cb61c89aeaa6ca123d1f81fd
  ZendeskCoreSDK: f3d5dcd6a18186dcecbecd56f66296c40fb2fcb4
  ZendeskMessagingAPISDK: 986919a8f6f11a7019660d1ff798f1efb42fa572
  ZendeskMessagingSDK: bf9a06f0cbb219617d9cf60a46aba1b68c8f3b30
  ZendeskSDKConfigurationsSDK: 45fa87ec8418697f7fce5e56bec472052f0aedb5
  ZendeskSupportProvidersSDK: 5221df6ca45e0b6f12470a5e8e65ccf3ccca17fa
  ZendeskSupportSDK: e100a7a0a1bb5d7d43abbde3338727d985a4986d
  ZXingObjC: fdbb269f25dd2032da343e06f10224d62f537bdb

PODFILE CHECKSUM: e2946da947e55b7b8d600f09ed8f353bb9ba789b

COCOAPODS: 1.10.1
