// !$*UTF8*$!
{
	archiveVersion = 1;
	classes = {
	};
	objectVersion = 51;
	objects = {

/* Begin PBXBuildFile section */
		3CC2AEF722EF0B6E001B0718 /* MainTabBarViewModel.swift in Sources */ = {isa = PBXBuildFile; fileRef = 3CC2AEF622EF0B6E001B0718 /* MainTabBarViewModel.swift */; };
		3CC2AEF922EF0B7F001B0718 /* MainTabBarRepository.swift in Sources */ = {isa = PBXBuildFile; fileRef = 3CC2AEF822EF0B7F001B0718 /* MainTabBarRepository.swift */; };
		3CC2AEFC22EF0BCA001B0718 /* MainScreenRouter.swift in Sources */ = {isa = PBXBuildFile; fileRef = 3CC2AEFB22EF0BCA001B0718 /* MainScreenRouter.swift */; };
		3CC341D422E5CEE1003B0900 /* TabBarTests.swift in Sources */ = {isa = PBXBuildFile; fileRef = 3CC341D322E5CEE1003B0900 /* TabBarTests.swift */; };
		3CE8CFDB22E5D7450008BA0C /* MainTabBarViewController.swift in Sources */ = {isa = PBXBuildFile; fileRef = 3CE8CFD522E5D7450008BA0C /* MainTabBarViewController.swift */; };
		3CE8CFDE22E5DC2C0008BA0C /* MainTabBarViewController.xib in Resources */ = {isa = PBXBuildFile; fileRef = 3CE8CFDD22E5DC2C0008BA0C /* MainTabBarViewController.xib */; };
		3CE8CFEA22E5DE0C0008BA0C /* LoyaltyWalletViewController.swift in Sources */ = {isa = PBXBuildFile; fileRef = 3CE8CFE422E5DE0C0008BA0C /* LoyaltyWalletViewController.swift */; };
		3CE8D00022E5DE480008BA0C /* PaymentWalletPresenter.swift in Sources */ = {isa = PBXBuildFile; fileRef = 3CE8CFFA22E5DE480008BA0C /* PaymentWalletPresenter.swift */; };
		3CE8D00122E5DE480008BA0C /* PaymentWalletWorker.swift in Sources */ = {isa = PBXBuildFile; fileRef = 3CE8CFFB22E5DE480008BA0C /* PaymentWalletWorker.swift */; };
		3CE8D00222E5DE480008BA0C /* PaymentWalletRouter.swift in Sources */ = {isa = PBXBuildFile; fileRef = 3CE8CFFC22E5DE480008BA0C /* PaymentWalletRouter.swift */; };
		3CE8D00322E5DE480008BA0C /* PaymentWalletModels.swift in Sources */ = {isa = PBXBuildFile; fileRef = 3CE8CFFD22E5DE480008BA0C /* PaymentWalletModels.swift */; };
		3CE8D00422E5DE480008BA0C /* PaymentWalletViewController.swift in Sources */ = {isa = PBXBuildFile; fileRef = 3CE8CFFE22E5DE480008BA0C /* PaymentWalletViewController.swift */; };
		3CE8D00522E5DE480008BA0C /* PaymentWalletInteractor.swift in Sources */ = {isa = PBXBuildFile; fileRef = 3CE8CFFF22E5DE480008BA0C /* PaymentWalletInteractor.swift */; };
		3CE8D00722E5DE6C0008BA0C /* LoyaltyWalletViewController.xib in Resources */ = {isa = PBXBuildFile; fileRef = 3CE8D00622E5DE6C0008BA0C /* LoyaltyWalletViewController.xib */; };
		3CE8D01422E5DF6C0008BA0C /* AddCardViewController.swift in Sources */ = {isa = PBXBuildFile; fileRef = 3CE8D00E22E5DF6C0008BA0C /* AddCardViewController.swift */; };
		3CE8D01722E5DF960008BA0C /* AddCardViewController.xib in Resources */ = {isa = PBXBuildFile; fileRef = 3CE8D01622E5DF960008BA0C /* AddCardViewController.xib */; };
		3CE8D01922E5DFD60008BA0C /* PaymentWalletViewController.xib in Resources */ = {isa = PBXBuildFile; fileRef = 3CE8D01822E5DFD60008BA0C /* PaymentWalletViewController.xib */; };
		4B03E4ACD9F0FF1C979C752E /* Pods_binkapp.framework in Frameworks */ = {isa = PBXBuildFile; fileRef = 1A9D6E03CDA71B9A8B0AD179 /* Pods_binkapp.framework */; };
		5ECE046C22CE5798001BA964 /* AppDelegate.swift in Sources */ = {isa = PBXBuildFile; fileRef = 5ECE046B22CE5798001BA964 /* AppDelegate.swift */; };
		5ECE047122CE5798001BA964 /* Main.storyboard in Resources */ = {isa = PBXBuildFile; fileRef = 5ECE046F22CE5798001BA964 /* Main.storyboard */; };
		5ECE047422CE5798001BA964 /* binkapp.xcdatamodeld in Sources */ = {isa = PBXBuildFile; fileRef = 5ECE047222CE5798001BA964 /* binkapp.xcdatamodeld */; };
		5ECE047622CE579B001BA964 /* Assets.xcassets in Resources */ = {isa = PBXBuildFile; fileRef = 5ECE047522CE579B001BA964 /* Assets.xcassets */; };
		5ECE047922CE579B001BA964 /* LaunchScreen.storyboard in Resources */ = {isa = PBXBuildFile; fileRef = 5ECE047722CE579B001BA964 /* LaunchScreen.storyboard */; };
		5ECE048422CE579B001BA964 /* binkappTests.swift in Sources */ = {isa = PBXBuildFile; fileRef = 5ECE048322CE579B001BA964 /* binkappTests.swift */; };
		5ECE048F22CE579B001BA964 /* binkappUITests.swift in Sources */ = {isa = PBXBuildFile; fileRef = 5ECE048E22CE579B001BA964 /* binkappUITests.swift */; };
		92CE3430695A6558F2EC1793 /* Pods_binkappUITests.framework in Frameworks */ = {isa = PBXBuildFile; fileRef = 4F65555E3DA76BDC3C3CDF35 /* Pods_binkappUITests.framework */; };
		9C26930409A757F7CD2C794E /* Pods_binkappTests.framework in Frameworks */ = {isa = PBXBuildFile; fileRef = 882B02A158ADAE64BDA0A4D9 /* Pods_binkappTests.framework */; };
		AF06D42F48491D78B0040221 /* DataAccessible.swift in Sources */ = {isa = PBXBuildFile; fileRef = AF06D2B78E62D4C6A766B015 /* DataAccessible.swift */; };
		AF06D909D5AA7EB9E74268CC /* CoreDataAccess.swift in Sources */ = {isa = PBXBuildFile; fileRef = AF06D82C12A979885545793C /* CoreDataAccess.swift */; };
		AF06DC6EF72B5BA9474542D9 /* DataAccessible.swift in Sources */ = {isa = PBXBuildFile; fileRef = AF06D2B78E62D4C6A766B015 /* DataAccessible.swift */; };
		AF06DF778FCCE46E1643835A /* CoreDataAccess.swift in Sources */ = {isa = PBXBuildFile; fileRef = AF06D82C12A979885545793C /* CoreDataAccess.swift */; };
/* End PBXBuildFile section */

/* Begin PBXContainerItemProxy section */
		5ECE048022CE579B001BA964 /* PBXContainerItemProxy */ = {
			isa = PBXContainerItemProxy;
			containerPortal = 5ECE046022CE5797001BA964 /* Project object */;
			proxyType = 1;
			remoteGlobalIDString = 5ECE046722CE5798001BA964;
			remoteInfo = binkapp;
		};
		5ECE048B22CE579B001BA964 /* PBXContainerItemProxy */ = {
			isa = PBXContainerItemProxy;
			containerPortal = 5ECE046022CE5797001BA964 /* Project object */;
			proxyType = 1;
			remoteGlobalIDString = 5ECE046722CE5798001BA964;
			remoteInfo = binkapp;
		};
/* End PBXContainerItemProxy section */

/* Begin PBXFileReference section */
		1A9D6E03CDA71B9A8B0AD179 /* Pods_binkapp.framework */ = {isa = PBXFileReference; explicitFileType = wrapper.framework; includeInIndex = 0; path = Pods_binkapp.framework; sourceTree = BUILT_PRODUCTS_DIR; };
		3CC2AEF622EF0B6E001B0718 /* MainTabBarViewModel.swift */ = {isa = PBXFileReference; lastKnownFileType = sourcecode.swift; path = MainTabBarViewModel.swift; sourceTree = "<group>"; };
		3CC2AEF822EF0B7F001B0718 /* MainTabBarRepository.swift */ = {isa = PBXFileReference; lastKnownFileType = sourcecode.swift; path = MainTabBarRepository.swift; sourceTree = "<group>"; };
		3CC2AEFB22EF0BCA001B0718 /* MainScreenRouter.swift */ = {isa = PBXFileReference; lastKnownFileType = sourcecode.swift; path = MainScreenRouter.swift; sourceTree = "<group>"; };
		3CC341D322E5CEE1003B0900 /* TabBarTests.swift */ = {isa = PBXFileReference; lastKnownFileType = sourcecode.swift; path = TabBarTests.swift; sourceTree = "<group>"; };
		3CE8CFD522E5D7450008BA0C /* MainTabBarViewController.swift */ = {isa = PBXFileReference; lastKnownFileType = sourcecode.swift; path = MainTabBarViewController.swift; sourceTree = "<group>"; };
		3CE8CFDD22E5DC2C0008BA0C /* MainTabBarViewController.xib */ = {isa = PBXFileReference; lastKnownFileType = file.xib; path = MainTabBarViewController.xib; sourceTree = "<group>"; };
		3CE8CFE422E5DE0C0008BA0C /* LoyaltyWalletViewController.swift */ = {isa = PBXFileReference; lastKnownFileType = sourcecode.swift; path = LoyaltyWalletViewController.swift; sourceTree = "<group>"; };
		3CE8CFFA22E5DE480008BA0C /* PaymentWalletPresenter.swift */ = {isa = PBXFileReference; lastKnownFileType = sourcecode.swift; path = PaymentWalletPresenter.swift; sourceTree = "<group>"; };
		3CE8CFFB22E5DE480008BA0C /* PaymentWalletWorker.swift */ = {isa = PBXFileReference; lastKnownFileType = sourcecode.swift; path = PaymentWalletWorker.swift; sourceTree = "<group>"; };
		3CE8CFFC22E5DE480008BA0C /* PaymentWalletRouter.swift */ = {isa = PBXFileReference; lastKnownFileType = sourcecode.swift; path = PaymentWalletRouter.swift; sourceTree = "<group>"; };
		3CE8CFFD22E5DE480008BA0C /* PaymentWalletModels.swift */ = {isa = PBXFileReference; lastKnownFileType = sourcecode.swift; path = PaymentWalletModels.swift; sourceTree = "<group>"; };
		3CE8CFFE22E5DE480008BA0C /* PaymentWalletViewController.swift */ = {isa = PBXFileReference; lastKnownFileType = sourcecode.swift; path = PaymentWalletViewController.swift; sourceTree = "<group>"; };
		3CE8CFFF22E5DE480008BA0C /* PaymentWalletInteractor.swift */ = {isa = PBXFileReference; lastKnownFileType = sourcecode.swift; path = PaymentWalletInteractor.swift; sourceTree = "<group>"; };
		3CE8D00622E5DE6C0008BA0C /* LoyaltyWalletViewController.xib */ = {isa = PBXFileReference; lastKnownFileType = file.xib; path = LoyaltyWalletViewController.xib; sourceTree = "<group>"; };
		3CE8D00E22E5DF6C0008BA0C /* AddCardViewController.swift */ = {isa = PBXFileReference; lastKnownFileType = sourcecode.swift; path = AddCardViewController.swift; sourceTree = "<group>"; };
		3CE8D01622E5DF960008BA0C /* AddCardViewController.xib */ = {isa = PBXFileReference; lastKnownFileType = file.xib; path = AddCardViewController.xib; sourceTree = "<group>"; };
		3CE8D01822E5DFD60008BA0C /* PaymentWalletViewController.xib */ = {isa = PBXFileReference; lastKnownFileType = file.xib; path = PaymentWalletViewController.xib; sourceTree = "<group>"; };
		4F65555E3DA76BDC3C3CDF35 /* Pods_binkappUITests.framework */ = {isa = PBXFileReference; explicitFileType = wrapper.framework; includeInIndex = 0; path = Pods_binkappUITests.framework; sourceTree = BUILT_PRODUCTS_DIR; };
		5ECE046822CE5798001BA964 /* binkapp.app */ = {isa = PBXFileReference; explicitFileType = wrapper.application; includeInIndex = 0; path = binkapp.app; sourceTree = BUILT_PRODUCTS_DIR; };
		5ECE046B22CE5798001BA964 /* AppDelegate.swift */ = {isa = PBXFileReference; lastKnownFileType = sourcecode.swift; path = AppDelegate.swift; sourceTree = "<group>"; };
		5ECE047022CE5798001BA964 /* Base */ = {isa = PBXFileReference; lastKnownFileType = file.storyboard; name = Base; path = Base.lproj/Main.storyboard; sourceTree = "<group>"; };
		5ECE047322CE5798001BA964 /* binkapp.xcdatamodel */ = {isa = PBXFileReference; lastKnownFileType = wrapper.xcdatamodel; path = binkapp.xcdatamodel; sourceTree = "<group>"; };
		5ECE047522CE579B001BA964 /* Assets.xcassets */ = {isa = PBXFileReference; lastKnownFileType = folder.assetcatalog; path = Assets.xcassets; sourceTree = "<group>"; };
		5ECE047822CE579B001BA964 /* Base */ = {isa = PBXFileReference; lastKnownFileType = file.storyboard; name = Base; path = Base.lproj/LaunchScreen.storyboard; sourceTree = "<group>"; };
		5ECE047A22CE579B001BA964 /* Info.plist */ = {isa = PBXFileReference; lastKnownFileType = text.plist.xml; path = Info.plist; sourceTree = "<group>"; };
		5ECE047F22CE579B001BA964 /* binkappTests.xctest */ = {isa = PBXFileReference; explicitFileType = wrapper.cfbundle; includeInIndex = 0; path = binkappTests.xctest; sourceTree = BUILT_PRODUCTS_DIR; };
		5ECE048322CE579B001BA964 /* binkappTests.swift */ = {isa = PBXFileReference; lastKnownFileType = sourcecode.swift; path = binkappTests.swift; sourceTree = "<group>"; };
		5ECE048522CE579B001BA964 /* Info.plist */ = {isa = PBXFileReference; lastKnownFileType = text.plist.xml; path = Info.plist; sourceTree = "<group>"; };
		5ECE048A22CE579B001BA964 /* binkappUITests.xctest */ = {isa = PBXFileReference; explicitFileType = wrapper.cfbundle; includeInIndex = 0; path = binkappUITests.xctest; sourceTree = BUILT_PRODUCTS_DIR; };
		5ECE048E22CE579B001BA964 /* binkappUITests.swift */ = {isa = PBXFileReference; lastKnownFileType = sourcecode.swift; path = binkappUITests.swift; sourceTree = "<group>"; };
		5ECE049022CE579B001BA964 /* Info.plist */ = {isa = PBXFileReference; lastKnownFileType = text.plist.xml; path = Info.plist; sourceTree = "<group>"; };
		6249B35DF4CA178120671E6A /* Pods-binkapp.release.xcconfig */ = {isa = PBXFileReference; includeInIndex = 1; lastKnownFileType = text.xcconfig; name = "Pods-binkapp.release.xcconfig"; path = "Target Support Files/Pods-binkapp/Pods-binkapp.release.xcconfig"; sourceTree = "<group>"; };
		6F8E73B24E8A8009DF9E4266 /* Pods-binkappTests.release.xcconfig */ = {isa = PBXFileReference; includeInIndex = 1; lastKnownFileType = text.xcconfig; name = "Pods-binkappTests.release.xcconfig"; path = "Target Support Files/Pods-binkappTests/Pods-binkappTests.release.xcconfig"; sourceTree = "<group>"; };
		747EE940A8617CF70F3CD693 /* Pods-binkappUITests.debug.xcconfig */ = {isa = PBXFileReference; includeInIndex = 1; lastKnownFileType = text.xcconfig; name = "Pods-binkappUITests.debug.xcconfig"; path = "Target Support Files/Pods-binkappUITests/Pods-binkappUITests.debug.xcconfig"; sourceTree = "<group>"; };
		882B02A158ADAE64BDA0A4D9 /* Pods_binkappTests.framework */ = {isa = PBXFileReference; explicitFileType = wrapper.framework; includeInIndex = 0; path = Pods_binkappTests.framework; sourceTree = BUILT_PRODUCTS_DIR; };
		AF06D2B78E62D4C6A766B015 /* DataAccessible.swift */ = {isa = PBXFileReference; fileEncoding = 4; lastKnownFileType = sourcecode.swift; path = DataAccessible.swift; sourceTree = "<group>"; };
		AF06D82C12A979885545793C /* CoreDataAccess.swift */ = {isa = PBXFileReference; fileEncoding = 4; lastKnownFileType = sourcecode.swift; path = CoreDataAccess.swift; sourceTree = "<group>"; };
		CBE46BB3E6386EE997F95088 /* Pods-binkappTests.debug.xcconfig */ = {isa = PBXFileReference; includeInIndex = 1; lastKnownFileType = text.xcconfig; name = "Pods-binkappTests.debug.xcconfig"; path = "Target Support Files/Pods-binkappTests/Pods-binkappTests.debug.xcconfig"; sourceTree = "<group>"; };
		DAD06B97E6DBC2FAA6900787 /* Pods-binkapp.debug.xcconfig */ = {isa = PBXFileReference; includeInIndex = 1; lastKnownFileType = text.xcconfig; name = "Pods-binkapp.debug.xcconfig"; path = "Target Support Files/Pods-binkapp/Pods-binkapp.debug.xcconfig"; sourceTree = "<group>"; };
		E7354EC1FB3CF368988428AD /* Pods-binkappUITests.release.xcconfig */ = {isa = PBXFileReference; includeInIndex = 1; lastKnownFileType = text.xcconfig; name = "Pods-binkappUITests.release.xcconfig"; path = "Target Support Files/Pods-binkappUITests/Pods-binkappUITests.release.xcconfig"; sourceTree = "<group>"; };
/* End PBXFileReference section */

/* Begin PBXFrameworksBuildPhase section */
		5ECE046522CE5798001BA964 /* Frameworks */ = {
			isa = PBXFrameworksBuildPhase;
			buildActionMask = 2147483647;
			files = (
				4B03E4ACD9F0FF1C979C752E /* Pods_binkapp.framework in Frameworks */,
			);
			runOnlyForDeploymentPostprocessing = 0;
		};
		5ECE047C22CE579B001BA964 /* Frameworks */ = {
			isa = PBXFrameworksBuildPhase;
			buildActionMask = 2147483647;
			files = (
				9C26930409A757F7CD2C794E /* Pods_binkappTests.framework in Frameworks */,
			);
			runOnlyForDeploymentPostprocessing = 0;
		};
		5ECE048722CE579B001BA964 /* Frameworks */ = {
			isa = PBXFrameworksBuildPhase;
			buildActionMask = 2147483647;
			files = (
				92CE3430695A6558F2EC1793 /* Pods_binkappUITests.framework in Frameworks */,
			);
			runOnlyForDeploymentPostprocessing = 0;
		};
/* End PBXFrameworksBuildPhase section */

/* Begin PBXGroup section */
		3CC2AEFA22EF0B94001B0718 /* Routing */ = {
			isa = PBXGroup;
			children = (
				3CC2AEFB22EF0BCA001B0718 /* MainScreenRouter.swift */,
			);
			path = Routing;
			sourceTree = "<group>";
		};
		3CC341D522E5D130003B0900 /* MainTabBar */ = {
			isa = PBXGroup;
			children = (
				3CE8CFD522E5D7450008BA0C /* MainTabBarViewController.swift */,
				3CE8CFDD22E5DC2C0008BA0C /* MainTabBarViewController.xib */,
				3CC2AEF622EF0B6E001B0718 /* MainTabBarViewModel.swift */,
				3CC2AEF822EF0B7F001B0718 /* MainTabBarRepository.swift */,
			);
			path = MainTabBar;
			sourceTree = "<group>";
		};
		3CE8CFDF22E5DDF00008BA0C /* LoyaltyWallet */ = {
			isa = PBXGroup;
			children = (
				3CE8CFE422E5DE0C0008BA0C /* LoyaltyWalletViewController.swift */,
				3CE8D00622E5DE6C0008BA0C /* LoyaltyWalletViewController.xib */,
			);
			path = LoyaltyWallet;
			sourceTree = "<group>";
		};
		3CE8CFEC22E5DE1A0008BA0C /* AddCard */ = {
			isa = PBXGroup;
			children = (
				3CE8D00E22E5DF6C0008BA0C /* AddCardViewController.swift */,
				3CE8D01622E5DF960008BA0C /* AddCardViewController.xib */,
			);
			path = AddCard;
			sourceTree = "<group>";
		};
		3CE8CFF922E5DE370008BA0C /* PaymentWallet */ = {
			isa = PBXGroup;
			children = (
				3CE8CFFA22E5DE480008BA0C /* PaymentWalletPresenter.swift */,
				3CE8CFFB22E5DE480008BA0C /* PaymentWalletWorker.swift */,
				3CE8CFFC22E5DE480008BA0C /* PaymentWalletRouter.swift */,
				3CE8CFFD22E5DE480008BA0C /* PaymentWalletModels.swift */,
				3CE8CFFE22E5DE480008BA0C /* PaymentWalletViewController.swift */,
				3CE8D01822E5DFD60008BA0C /* PaymentWalletViewController.xib */,
				3CE8CFFF22E5DE480008BA0C /* PaymentWalletInteractor.swift */,
			);
			path = PaymentWallet;
			sourceTree = "<group>";
		};
		492DA371EDF911EDB1A625BF /* Frameworks */ = {
			isa = PBXGroup;
			children = (
				1A9D6E03CDA71B9A8B0AD179 /* Pods_binkapp.framework */,
				882B02A158ADAE64BDA0A4D9 /* Pods_binkappTests.framework */,
				4F65555E3DA76BDC3C3CDF35 /* Pods_binkappUITests.framework */,
			);
			name = Frameworks;
			sourceTree = "<group>";
		};
		55D2E5494D854AAC5EFAFFC7 /* Pods */ = {
			isa = PBXGroup;
			children = (
				DAD06B97E6DBC2FAA6900787 /* Pods-binkapp.debug.xcconfig */,
				6249B35DF4CA178120671E6A /* Pods-binkapp.release.xcconfig */,
				CBE46BB3E6386EE997F95088 /* Pods-binkappTests.debug.xcconfig */,
				6F8E73B24E8A8009DF9E4266 /* Pods-binkappTests.release.xcconfig */,
				747EE940A8617CF70F3CD693 /* Pods-binkappUITests.debug.xcconfig */,
				E7354EC1FB3CF368988428AD /* Pods-binkappUITests.release.xcconfig */,
			);
			path = Pods;
			sourceTree = "<group>";
		};
		5ECE045F22CE5797001BA964 = {
			isa = PBXGroup;
			children = (
				5ECE046A22CE5798001BA964 /* binkapp */,
				5ECE048222CE579B001BA964 /* binkappTests */,
				5ECE048D22CE579B001BA964 /* binkappUITests */,
				5ECE046922CE5798001BA964 /* Products */,
				55D2E5494D854AAC5EFAFFC7 /* Pods */,
				492DA371EDF911EDB1A625BF /* Frameworks */,
			);
			sourceTree = "<group>";
		};
		5ECE046922CE5798001BA964 /* Products */ = {
			isa = PBXGroup;
			children = (
				5ECE046822CE5798001BA964 /* binkapp.app */,
				5ECE047F22CE579B001BA964 /* binkappTests.xctest */,
				5ECE048A22CE579B001BA964 /* binkappUITests.xctest */,
			);
			name = Products;
			sourceTree = "<group>";
		};
		5ECE046A22CE5798001BA964 /* binkapp */ = {
			isa = PBXGroup;
			children = (
				3CC2AEFA22EF0B94001B0718 /* Routing */,
				5ECE049F22CE57F5001BA964 /* Scenes */,
				5ECE046B22CE5798001BA964 /* AppDelegate.swift */,
				5ECE046F22CE5798001BA964 /* Main.storyboard */,
				5ECE047522CE579B001BA964 /* Assets.xcassets */,
				5ECE047722CE579B001BA964 /* LaunchScreen.storyboard */,
				5ECE047A22CE579B001BA964 /* Info.plist */,
				5ECE047222CE5798001BA964 /* binkapp.xcdatamodeld */,
				AF06D86448D661A8F4142F87 /* Persistence */,
			);
			path = binkapp;
			sourceTree = "<group>";
		};
		5ECE048222CE579B001BA964 /* binkappTests */ = {
			isa = PBXGroup;
			children = (
				5ECE048322CE579B001BA964 /* binkappTests.swift */,
				5ECE048522CE579B001BA964 /* Info.plist */,
				3CC341D322E5CEE1003B0900 /* TabBarTests.swift */,
			);
			path = binkappTests;
			sourceTree = "<group>";
		};
		5ECE048D22CE579B001BA964 /* binkappUITests */ = {
			isa = PBXGroup;
			children = (
				5ECE048E22CE579B001BA964 /* binkappUITests.swift */,
				5ECE049022CE579B001BA964 /* Info.plist */,
			);
			path = binkappUITests;
			sourceTree = "<group>";
		};
		5ECE049F22CE57F5001BA964 /* Scenes */ = {
			isa = PBXGroup;
			children = (
				3CE8CFF922E5DE370008BA0C /* PaymentWallet */,
				3CE8CFEC22E5DE1A0008BA0C /* AddCard */,
				3CE8CFDF22E5DDF00008BA0C /* LoyaltyWallet */,
				3CC341D522E5D130003B0900 /* MainTabBar */,
			);
			path = Scenes;
			sourceTree = "<group>";
		};
		AF06D86448D661A8F4142F87 /* Persistence */ = {
			isa = PBXGroup;
			children = (
				AF06D82C12A979885545793C /* CoreDataAccess.swift */,
				AF06D2B78E62D4C6A766B015 /* DataAccessible.swift */,
			);
			path = Persistence;
			sourceTree = "<group>";
		};
/* End PBXGroup section */

/* Begin PBXNativeTarget section */
		5ECE046722CE5798001BA964 /* binkapp */ = {
			isa = PBXNativeTarget;
			buildConfigurationList = 5ECE049322CE579B001BA964 /* Build configuration list for PBXNativeTarget "binkapp" */;
			buildPhases = (
				DAD00513BBF5BF1895726366 /* [CP] Check Pods Manifest.lock */,
				5ECE046422CE5798001BA964 /* Sources */,
				5ECE046522CE5798001BA964 /* Frameworks */,
				5ECE046622CE5798001BA964 /* Resources */,
				450A1F7AA044C2D403358768 /* [CP] Embed Pods Frameworks */,
				11DA7D040AB1DEA408050131 /* [CP] Copy Pods Resources */,
			);
			buildRules = (
			);
			dependencies = (
			);
			name = binkapp;
			productName = binkapp;
			productReference = 5ECE046822CE5798001BA964 /* binkapp.app */;
			productType = "com.apple.product-type.application";
		};
		5ECE047E22CE579B001BA964 /* binkappTests */ = {
			isa = PBXNativeTarget;
			buildConfigurationList = 5ECE049622CE579B001BA964 /* Build configuration list for PBXNativeTarget "binkappTests" */;
			buildPhases = (
				88C87BE183CBA7D5C1853394 /* [CP] Check Pods Manifest.lock */,
				5ECE047B22CE579B001BA964 /* Sources */,
				5ECE047C22CE579B001BA964 /* Frameworks */,
				5ECE047D22CE579B001BA964 /* Resources */,
				3E31D01F8676235308EEE91E /* [CP] Embed Pods Frameworks */,
				016C9E3FA7ACD4286C04EBDF /* [CP] Copy Pods Resources */,
			);
			buildRules = (
			);
			dependencies = (
				5ECE048122CE579B001BA964 /* PBXTargetDependency */,
			);
			name = binkappTests;
			productName = binkappTests;
			productReference = 5ECE047F22CE579B001BA964 /* binkappTests.xctest */;
			productType = "com.apple.product-type.bundle.unit-test";
		};
		5ECE048922CE579B001BA964 /* binkappUITests */ = {
			isa = PBXNativeTarget;
			buildConfigurationList = 5ECE049922CE579B001BA964 /* Build configuration list for PBXNativeTarget "binkappUITests" */;
			buildPhases = (
				832F6F296AE6A55D922226CD /* [CP] Check Pods Manifest.lock */,
				5ECE048622CE579B001BA964 /* Sources */,
				5ECE048722CE579B001BA964 /* Frameworks */,
				5ECE048822CE579B001BA964 /* Resources */,
				E482D6A8DABEEDAB16CA0B4B /* [CP] Embed Pods Frameworks */,
				A6DDC48BDDA9D9D2EDBAE118 /* [CP] Copy Pods Resources */,
			);
			buildRules = (
			);
			dependencies = (
				5ECE048C22CE579B001BA964 /* PBXTargetDependency */,
			);
			name = binkappUITests;
			productName = binkappUITests;
			productReference = 5ECE048A22CE579B001BA964 /* binkappUITests.xctest */;
			productType = "com.apple.product-type.bundle.ui-testing";
		};
/* End PBXNativeTarget section */

/* Begin PBXProject section */
		5ECE046022CE5797001BA964 /* Project object */ = {
			isa = PBXProject;
			attributes = {
				LastSwiftUpdateCheck = 1020;
				LastUpgradeCheck = 1020;
				ORGANIZATIONNAME = Bink;
				TargetAttributes = {
					5ECE046722CE5798001BA964 = {
						CreatedOnToolsVersion = 10.2.1;
					};
					5ECE047E22CE579B001BA964 = {
						CreatedOnToolsVersion = 10.2.1;
						TestTargetID = 5ECE046722CE5798001BA964;
					};
					5ECE048922CE579B001BA964 = {
						CreatedOnToolsVersion = 10.2.1;
						TestTargetID = 5ECE046722CE5798001BA964;
					};
				};
			};
			buildConfigurationList = 5ECE046322CE5797001BA964 /* Build configuration list for PBXProject "binkapp" */;
			compatibilityVersion = "Xcode 9.3";
			developmentRegion = en;
			hasScannedForEncodings = 0;
			knownRegions = (
				en,
				Base,
			);
			mainGroup = 5ECE045F22CE5797001BA964;
			productRefGroup = 5ECE046922CE5798001BA964 /* Products */;
			projectDirPath = "";
			projectRoot = "";
			targets = (
				5ECE046722CE5798001BA964 /* binkapp */,
				5ECE047E22CE579B001BA964 /* binkappTests */,
				5ECE048922CE579B001BA964 /* binkappUITests */,
			);
		};
/* End PBXProject section */

/* Begin PBXResourcesBuildPhase section */
		5ECE046622CE5798001BA964 /* Resources */ = {
			isa = PBXResourcesBuildPhase;
			buildActionMask = 2147483647;
			files = (
				3CE8D01722E5DF960008BA0C /* AddCardViewController.xib in Resources */,
				3CE8D01922E5DFD60008BA0C /* PaymentWalletViewController.xib in Resources */,
				5ECE047922CE579B001BA964 /* LaunchScreen.storyboard in Resources */,
				3CE8CFDE22E5DC2C0008BA0C /* MainTabBarViewController.xib in Resources */,
				5ECE047622CE579B001BA964 /* Assets.xcassets in Resources */,
				5ECE047122CE5798001BA964 /* Main.storyboard in Resources */,
				3CE8D00722E5DE6C0008BA0C /* LoyaltyWalletViewController.xib in Resources */,
			);
			runOnlyForDeploymentPostprocessing = 0;
		};
		5ECE047D22CE579B001BA964 /* Resources */ = {
			isa = PBXResourcesBuildPhase;
			buildActionMask = 2147483647;
			files = (
			);
			runOnlyForDeploymentPostprocessing = 0;
		};
		5ECE048822CE579B001BA964 /* Resources */ = {
			isa = PBXResourcesBuildPhase;
			buildActionMask = 2147483647;
			files = (
			);
			runOnlyForDeploymentPostprocessing = 0;
		};
/* End PBXResourcesBuildPhase section */

/* Begin PBXShellScriptBuildPhase section */
		016C9E3FA7ACD4286C04EBDF /* [CP] Copy Pods Resources */ = {
			isa = PBXShellScriptBuildPhase;
			buildActionMask = 2147483647;
			files = (
			);
			inputFileListPaths = (
				"${PODS_ROOT}/Target Support Files/Pods-binkappTests/Pods-binkappTests-resources-${CONFIGURATION}-input-files.xcfilelist",
			);
			name = "[CP] Copy Pods Resources";
			outputFileListPaths = (
				"${PODS_ROOT}/Target Support Files/Pods-binkappTests/Pods-binkappTests-resources-${CONFIGURATION}-output-files.xcfilelist",
			);
			runOnlyForDeploymentPostprocessing = 0;
			shellPath = /bin/sh;
			shellScript = "\"${PODS_ROOT}/Target Support Files/Pods-binkappTests/Pods-binkappTests-resources.sh\"\n";
			showEnvVarsInLog = 0;
		};
		11DA7D040AB1DEA408050131 /* [CP] Copy Pods Resources */ = {
			isa = PBXShellScriptBuildPhase;
			buildActionMask = 2147483647;
			files = (
			);
			inputFileListPaths = (
				"${PODS_ROOT}/Target Support Files/Pods-binkapp/Pods-binkapp-resources-${CONFIGURATION}-input-files.xcfilelist",
			);
			name = "[CP] Copy Pods Resources";
			outputFileListPaths = (
				"${PODS_ROOT}/Target Support Files/Pods-binkapp/Pods-binkapp-resources-${CONFIGURATION}-output-files.xcfilelist",
			);
			runOnlyForDeploymentPostprocessing = 0;
			shellPath = /bin/sh;
			shellScript = "\"${PODS_ROOT}/Target Support Files/Pods-binkapp/Pods-binkapp-resources.sh\"\n";
			showEnvVarsInLog = 0;
		};
		3E31D01F8676235308EEE91E /* [CP] Embed Pods Frameworks */ = {
			isa = PBXShellScriptBuildPhase;
			buildActionMask = 2147483647;
			files = (
			);
			inputFileListPaths = (
				"${PODS_ROOT}/Target Support Files/Pods-binkappTests/Pods-binkappTests-frameworks-${CONFIGURATION}-input-files.xcfilelist",
			);
			name = "[CP] Embed Pods Frameworks";
			outputFileListPaths = (
				"${PODS_ROOT}/Target Support Files/Pods-binkappTests/Pods-binkappTests-frameworks-${CONFIGURATION}-output-files.xcfilelist",
			);
			runOnlyForDeploymentPostprocessing = 0;
			shellPath = /bin/sh;
			shellScript = "\"${PODS_ROOT}/Target Support Files/Pods-binkappTests/Pods-binkappTests-frameworks.sh\"\n";
			showEnvVarsInLog = 0;
		};
		450A1F7AA044C2D403358768 /* [CP] Embed Pods Frameworks */ = {
			isa = PBXShellScriptBuildPhase;
			buildActionMask = 2147483647;
			files = (
			);
			inputFileListPaths = (
				"${PODS_ROOT}/Target Support Files/Pods-binkapp/Pods-binkapp-frameworks-${CONFIGURATION}-input-files.xcfilelist",
			);
			name = "[CP] Embed Pods Frameworks";
			outputFileListPaths = (
				"${PODS_ROOT}/Target Support Files/Pods-binkapp/Pods-binkapp-frameworks-${CONFIGURATION}-output-files.xcfilelist",
			);
			runOnlyForDeploymentPostprocessing = 0;
			shellPath = /bin/sh;
			shellScript = "\"${PODS_ROOT}/Target Support Files/Pods-binkapp/Pods-binkapp-frameworks.sh\"\n";
			showEnvVarsInLog = 0;
		};
		832F6F296AE6A55D922226CD /* [CP] Check Pods Manifest.lock */ = {
			isa = PBXShellScriptBuildPhase;
			buildActionMask = 2147483647;
			files = (
			);
			inputFileListPaths = (
			);
			inputPaths = (
				"${PODS_PODFILE_DIR_PATH}/Podfile.lock",
				"${PODS_ROOT}/Manifest.lock",
			);
			name = "[CP] Check Pods Manifest.lock";
			outputFileListPaths = (
			);
			outputPaths = (
				"$(DERIVED_FILE_DIR)/Pods-binkappUITests-checkManifestLockResult.txt",
			);
			runOnlyForDeploymentPostprocessing = 0;
			shellPath = /bin/sh;
			shellScript = "diff \"${PODS_PODFILE_DIR_PATH}/Podfile.lock\" \"${PODS_ROOT}/Manifest.lock\" > /dev/null\nif [ $? != 0 ] ; then\n    # print error to STDERR\n    echo \"error: The sandbox is not in sync with the Podfile.lock. Run 'pod install' or update your CocoaPods installation.\" >&2\n    exit 1\nfi\n# This output is used by Xcode 'outputs' to avoid re-running this script phase.\necho \"SUCCESS\" > \"${SCRIPT_OUTPUT_FILE_0}\"\n";
			showEnvVarsInLog = 0;
		};
		88C87BE183CBA7D5C1853394 /* [CP] Check Pods Manifest.lock */ = {
			isa = PBXShellScriptBuildPhase;
			buildActionMask = 2147483647;
			files = (
			);
			inputFileListPaths = (
			);
			inputPaths = (
				"${PODS_PODFILE_DIR_PATH}/Podfile.lock",
				"${PODS_ROOT}/Manifest.lock",
			);
			name = "[CP] Check Pods Manifest.lock";
			outputFileListPaths = (
			);
			outputPaths = (
				"$(DERIVED_FILE_DIR)/Pods-binkappTests-checkManifestLockResult.txt",
			);
			runOnlyForDeploymentPostprocessing = 0;
			shellPath = /bin/sh;
			shellScript = "diff \"${PODS_PODFILE_DIR_PATH}/Podfile.lock\" \"${PODS_ROOT}/Manifest.lock\" > /dev/null\nif [ $? != 0 ] ; then\n    # print error to STDERR\n    echo \"error: The sandbox is not in sync with the Podfile.lock. Run 'pod install' or update your CocoaPods installation.\" >&2\n    exit 1\nfi\n# This output is used by Xcode 'outputs' to avoid re-running this script phase.\necho \"SUCCESS\" > \"${SCRIPT_OUTPUT_FILE_0}\"\n";
			showEnvVarsInLog = 0;
		};
		A6DDC48BDDA9D9D2EDBAE118 /* [CP] Copy Pods Resources */ = {
			isa = PBXShellScriptBuildPhase;
			buildActionMask = 2147483647;
			files = (
			);
			inputFileListPaths = (
				"${PODS_ROOT}/Target Support Files/Pods-binkappUITests/Pods-binkappUITests-resources-${CONFIGURATION}-input-files.xcfilelist",
			);
			name = "[CP] Copy Pods Resources";
			outputFileListPaths = (
				"${PODS_ROOT}/Target Support Files/Pods-binkappUITests/Pods-binkappUITests-resources-${CONFIGURATION}-output-files.xcfilelist",
			);
			runOnlyForDeploymentPostprocessing = 0;
			shellPath = /bin/sh;
			shellScript = "\"${PODS_ROOT}/Target Support Files/Pods-binkappUITests/Pods-binkappUITests-resources.sh\"\n";
			showEnvVarsInLog = 0;
		};
		DAD00513BBF5BF1895726366 /* [CP] Check Pods Manifest.lock */ = {
			isa = PBXShellScriptBuildPhase;
			buildActionMask = 2147483647;
			files = (
			);
			inputFileListPaths = (
			);
			inputPaths = (
				"${PODS_PODFILE_DIR_PATH}/Podfile.lock",
				"${PODS_ROOT}/Manifest.lock",
			);
			name = "[CP] Check Pods Manifest.lock";
			outputFileListPaths = (
			);
			outputPaths = (
				"$(DERIVED_FILE_DIR)/Pods-binkapp-checkManifestLockResult.txt",
			);
			runOnlyForDeploymentPostprocessing = 0;
			shellPath = /bin/sh;
			shellScript = "diff \"${PODS_PODFILE_DIR_PATH}/Podfile.lock\" \"${PODS_ROOT}/Manifest.lock\" > /dev/null\nif [ $? != 0 ] ; then\n    # print error to STDERR\n    echo \"error: The sandbox is not in sync with the Podfile.lock. Run 'pod install' or update your CocoaPods installation.\" >&2\n    exit 1\nfi\n# This output is used by Xcode 'outputs' to avoid re-running this script phase.\necho \"SUCCESS\" > \"${SCRIPT_OUTPUT_FILE_0}\"\n";
			showEnvVarsInLog = 0;
		};
		E482D6A8DABEEDAB16CA0B4B /* [CP] Embed Pods Frameworks */ = {
			isa = PBXShellScriptBuildPhase;
			buildActionMask = 2147483647;
			files = (
			);
			inputFileListPaths = (
				"${PODS_ROOT}/Target Support Files/Pods-binkappUITests/Pods-binkappUITests-frameworks-${CONFIGURATION}-input-files.xcfilelist",
			);
			name = "[CP] Embed Pods Frameworks";
			outputFileListPaths = (
				"${PODS_ROOT}/Target Support Files/Pods-binkappUITests/Pods-binkappUITests-frameworks-${CONFIGURATION}-output-files.xcfilelist",
			);
			runOnlyForDeploymentPostprocessing = 0;
			shellPath = /bin/sh;
			shellScript = "\"${PODS_ROOT}/Target Support Files/Pods-binkappUITests/Pods-binkappUITests-frameworks.sh\"\n";
			showEnvVarsInLog = 0;
		};
/* End PBXShellScriptBuildPhase section */

/* Begin PBXSourcesBuildPhase section */
		5ECE046422CE5798001BA964 /* Sources */ = {
			isa = PBXSourcesBuildPhase;
			buildActionMask = 2147483647;
			files = (
				3CE8CFDB22E5D7450008BA0C /* MainTabBarViewController.swift in Sources */,
				3CE8D00522E5DE480008BA0C /* PaymentWalletInteractor.swift in Sources */,
				3CC2AEFC22EF0BCA001B0718 /* MainScreenRouter.swift in Sources */,
				3CE8D01422E5DF6C0008BA0C /* AddCardViewController.swift in Sources */,
				5ECE047422CE5798001BA964 /* binkapp.xcdatamodeld in Sources */,
				5ECE046C22CE5798001BA964 /* AppDelegate.swift in Sources */,
				3CC2AEF922EF0B7F001B0718 /* MainTabBarRepository.swift in Sources */,
				3CE8D00222E5DE480008BA0C /* PaymentWalletRouter.swift in Sources */,
				3CE8D00122E5DE480008BA0C /* PaymentWalletWorker.swift in Sources */,
				3CC2AEF722EF0B6E001B0718 /* MainTabBarViewModel.swift in Sources */,
				3CE8CFEA22E5DE0C0008BA0C /* LoyaltyWalletViewController.swift in Sources */,
				3CE8D00422E5DE480008BA0C /* PaymentWalletViewController.swift in Sources */,
				3CE8D00022E5DE480008BA0C /* PaymentWalletPresenter.swift in Sources */,
				AF06D909D5AA7EB9E74268CC /* CoreDataAccess.swift in Sources */,
				AF06DC6EF72B5BA9474542D9 /* DataAccessible.swift in Sources */,
				3CE8D00322E5DE480008BA0C /* PaymentWalletModels.swift in Sources */,
			);
			runOnlyForDeploymentPostprocessing = 0;
		};
		5ECE047B22CE579B001BA964 /* Sources */ = {
			isa = PBXSourcesBuildPhase;
			buildActionMask = 2147483647;
			files = (
				3CC341D422E5CEE1003B0900 /* TabBarTests.swift in Sources */,
				5ECE048422CE579B001BA964 /* binkappTests.swift in Sources */,
				AF06DF778FCCE46E1643835A /* CoreDataAccess.swift in Sources */,
				AF06D42F48491D78B0040221 /* DataAccessible.swift in Sources */,
			);
			runOnlyForDeploymentPostprocessing = 0;
		};
		5ECE048622CE579B001BA964 /* Sources */ = {
			isa = PBXSourcesBuildPhase;
			buildActionMask = 2147483647;
			files = (
				5ECE048F22CE579B001BA964 /* binkappUITests.swift in Sources */,
			);
			runOnlyForDeploymentPostprocessing = 0;
		};
/* End PBXSourcesBuildPhase section */

/* Begin PBXTargetDependency section */
		5ECE048122CE579B001BA964 /* PBXTargetDependency */ = {
			isa = PBXTargetDependency;
			target = 5ECE046722CE5798001BA964 /* binkapp */;
			targetProxy = 5ECE048022CE579B001BA964 /* PBXContainerItemProxy */;
		};
		5ECE048C22CE579B001BA964 /* PBXTargetDependency */ = {
			isa = PBXTargetDependency;
			target = 5ECE046722CE5798001BA964 /* binkapp */;
			targetProxy = 5ECE048B22CE579B001BA964 /* PBXContainerItemProxy */;
		};
/* End PBXTargetDependency section */

/* Begin PBXVariantGroup section */
		5ECE046F22CE5798001BA964 /* Main.storyboard */ = {
			isa = PBXVariantGroup;
			children = (
				5ECE047022CE5798001BA964 /* Base */,
			);
			name = Main.storyboard;
			sourceTree = "<group>";
		};
		5ECE047722CE579B001BA964 /* LaunchScreen.storyboard */ = {
			isa = PBXVariantGroup;
			children = (
				5ECE047822CE579B001BA964 /* Base */,
			);
			name = LaunchScreen.storyboard;
			sourceTree = "<group>";
		};
/* End PBXVariantGroup section */

/* Begin XCBuildConfiguration section */
		5ECE049122CE579B001BA964 /* Debug */ = {
			isa = XCBuildConfiguration;
			buildSettings = {
				ALWAYS_SEARCH_USER_PATHS = NO;
				CLANG_ANALYZER_NONNULL = YES;
				CLANG_ANALYZER_NUMBER_OBJECT_CONVERSION = YES_AGGRESSIVE;
				CLANG_CXX_LANGUAGE_STANDARD = "gnu++14";
				CLANG_CXX_LIBRARY = "libc++";
				CLANG_ENABLE_MODULES = YES;
				CLANG_ENABLE_OBJC_ARC = YES;
				CLANG_ENABLE_OBJC_WEAK = YES;
				CLANG_WARN_BLOCK_CAPTURE_AUTORELEASING = YES;
				CLANG_WARN_BOOL_CONVERSION = YES;
				CLANG_WARN_COMMA = YES;
				CLANG_WARN_CONSTANT_CONVERSION = YES;
				CLANG_WARN_DEPRECATED_OBJC_IMPLEMENTATIONS = YES;
				CLANG_WARN_DIRECT_OBJC_ISA_USAGE = YES_ERROR;
				CLANG_WARN_DOCUMENTATION_COMMENTS = YES;
				CLANG_WARN_EMPTY_BODY = YES;
				CLANG_WARN_ENUM_CONVERSION = YES;
				CLANG_WARN_INFINITE_RECURSION = YES;
				CLANG_WARN_INT_CONVERSION = YES;
				CLANG_WARN_NON_LITERAL_NULL_CONVERSION = YES;
				CLANG_WARN_OBJC_IMPLICIT_RETAIN_SELF = YES;
				CLANG_WARN_OBJC_LITERAL_CONVERSION = YES;
				CLANG_WARN_OBJC_ROOT_CLASS = YES_ERROR;
				CLANG_WARN_RANGE_LOOP_ANALYSIS = YES;
				CLANG_WARN_STRICT_PROTOTYPES = YES;
				CLANG_WARN_SUSPICIOUS_MOVE = YES;
				CLANG_WARN_UNGUARDED_AVAILABILITY = YES_AGGRESSIVE;
				CLANG_WARN_UNREACHABLE_CODE = YES;
				CLANG_WARN__DUPLICATE_METHOD_MATCH = YES;
				CODE_SIGN_IDENTITY = "iPhone Developer";
				COPY_PHASE_STRIP = NO;
				DEBUG_INFORMATION_FORMAT = dwarf;
				ENABLE_STRICT_OBJC_MSGSEND = YES;
				ENABLE_TESTABILITY = YES;
				GCC_C_LANGUAGE_STANDARD = gnu11;
				GCC_DYNAMIC_NO_PIC = NO;
				GCC_NO_COMMON_BLOCKS = YES;
				GCC_OPTIMIZATION_LEVEL = 0;
				GCC_PREPROCESSOR_DEFINITIONS = (
					"DEBUG=1",
					"$(inherited)",
				);
				GCC_WARN_64_TO_32_BIT_CONVERSION = YES;
				GCC_WARN_ABOUT_RETURN_TYPE = YES_ERROR;
				GCC_WARN_UNDECLARED_SELECTOR = YES;
				GCC_WARN_UNINITIALIZED_AUTOS = YES_AGGRESSIVE;
				GCC_WARN_UNUSED_FUNCTION = YES;
				GCC_WARN_UNUSED_VARIABLE = YES;
				IPHONEOS_DEPLOYMENT_TARGET = 12.2;
				MTL_ENABLE_DEBUG_INFO = INCLUDE_SOURCE;
				MTL_FAST_MATH = YES;
				ONLY_ACTIVE_ARCH = YES;
				SDKROOT = iphoneos;
				SWIFT_ACTIVE_COMPILATION_CONDITIONS = DEBUG;
				SWIFT_OPTIMIZATION_LEVEL = "-Onone";
			};
			name = Debug;
		};
		5ECE049222CE579B001BA964 /* Release */ = {
			isa = XCBuildConfiguration;
			buildSettings = {
				ALWAYS_SEARCH_USER_PATHS = NO;
				CLANG_ANALYZER_NONNULL = YES;
				CLANG_ANALYZER_NUMBER_OBJECT_CONVERSION = YES_AGGRESSIVE;
				CLANG_CXX_LANGUAGE_STANDARD = "gnu++14";
				CLANG_CXX_LIBRARY = "libc++";
				CLANG_ENABLE_MODULES = YES;
				CLANG_ENABLE_OBJC_ARC = YES;
				CLANG_ENABLE_OBJC_WEAK = YES;
				CLANG_WARN_BLOCK_CAPTURE_AUTORELEASING = YES;
				CLANG_WARN_BOOL_CONVERSION = YES;
				CLANG_WARN_COMMA = YES;
				CLANG_WARN_CONSTANT_CONVERSION = YES;
				CLANG_WARN_DEPRECATED_OBJC_IMPLEMENTATIONS = YES;
				CLANG_WARN_DIRECT_OBJC_ISA_USAGE = YES_ERROR;
				CLANG_WARN_DOCUMENTATION_COMMENTS = YES;
				CLANG_WARN_EMPTY_BODY = YES;
				CLANG_WARN_ENUM_CONVERSION = YES;
				CLANG_WARN_INFINITE_RECURSION = YES;
				CLANG_WARN_INT_CONVERSION = YES;
				CLANG_WARN_NON_LITERAL_NULL_CONVERSION = YES;
				CLANG_WARN_OBJC_IMPLICIT_RETAIN_SELF = YES;
				CLANG_WARN_OBJC_LITERAL_CONVERSION = YES;
				CLANG_WARN_OBJC_ROOT_CLASS = YES_ERROR;
				CLANG_WARN_RANGE_LOOP_ANALYSIS = YES;
				CLANG_WARN_STRICT_PROTOTYPES = YES;
				CLANG_WARN_SUSPICIOUS_MOVE = YES;
				CLANG_WARN_UNGUARDED_AVAILABILITY = YES_AGGRESSIVE;
				CLANG_WARN_UNREACHABLE_CODE = YES;
				CLANG_WARN__DUPLICATE_METHOD_MATCH = YES;
				CODE_SIGN_IDENTITY = "iPhone Developer";
				COPY_PHASE_STRIP = NO;
				DEBUG_INFORMATION_FORMAT = "dwarf-with-dsym";
				ENABLE_NS_ASSERTIONS = NO;
				ENABLE_STRICT_OBJC_MSGSEND = YES;
				GCC_C_LANGUAGE_STANDARD = gnu11;
				GCC_NO_COMMON_BLOCKS = YES;
				GCC_WARN_64_TO_32_BIT_CONVERSION = YES;
				GCC_WARN_ABOUT_RETURN_TYPE = YES_ERROR;
				GCC_WARN_UNDECLARED_SELECTOR = YES;
				GCC_WARN_UNINITIALIZED_AUTOS = YES_AGGRESSIVE;
				GCC_WARN_UNUSED_FUNCTION = YES;
				GCC_WARN_UNUSED_VARIABLE = YES;
				IPHONEOS_DEPLOYMENT_TARGET = 12.2;
				MTL_ENABLE_DEBUG_INFO = NO;
				MTL_FAST_MATH = YES;
				SDKROOT = iphoneos;
				SWIFT_COMPILATION_MODE = wholemodule;
				SWIFT_OPTIMIZATION_LEVEL = "-O";
				VALIDATE_PRODUCT = YES;
			};
			name = Release;
		};
		5ECE049422CE579B001BA964 /* Debug */ = {
			isa = XCBuildConfiguration;
			baseConfigurationReference = DAD06B97E6DBC2FAA6900787 /* Pods-binkapp.debug.xcconfig */;
			buildSettings = {
				ASSETCATALOG_COMPILER_APPICON_NAME = AppIcon;
				CODE_SIGN_STYLE = Automatic;
				DEVELOPMENT_TEAM = YN6HQB44NX;
				INFOPLIST_FILE = binkapp/Info.plist;
				LD_RUNPATH_SEARCH_PATHS = (
					"$(inherited)",
					"@executable_path/Frameworks",
				);
				PRODUCT_BUNDLE_IDENTIFIER = com.bink.wallet;
				PRODUCT_NAME = "$(TARGET_NAME)";
				SWIFT_VERSION = 5.0;
				TARGETED_DEVICE_FAMILY = "1,2";
			};
			name = Debug;
		};
		5ECE049522CE579B001BA964 /* Release */ = {
			isa = XCBuildConfiguration;
			baseConfigurationReference = 6249B35DF4CA178120671E6A /* Pods-binkapp.release.xcconfig */;
			buildSettings = {
				ASSETCATALOG_COMPILER_APPICON_NAME = AppIcon;
				CODE_SIGN_STYLE = Automatic;
				DEVELOPMENT_TEAM = YN6HQB44NX;
				INFOPLIST_FILE = binkapp/Info.plist;
				LD_RUNPATH_SEARCH_PATHS = (
					"$(inherited)",
					"@executable_path/Frameworks",
				);
				PRODUCT_BUNDLE_IDENTIFIER = com.bink.wallet;
				PRODUCT_NAME = "$(TARGET_NAME)";
				SWIFT_VERSION = 5.0;
				TARGETED_DEVICE_FAMILY = "1,2";
			};
			name = Release;
		};
		5ECE049722CE579B001BA964 /* Debug */ = {
			isa = XCBuildConfiguration;
			baseConfigurationReference = CBE46BB3E6386EE997F95088 /* Pods-binkappTests.debug.xcconfig */;
			buildSettings = {
				ALWAYS_EMBED_SWIFT_STANDARD_LIBRARIES = "$(inherited)";
				BUNDLE_LOADER = "$(TEST_HOST)";
				CODE_SIGN_STYLE = Automatic;
				DEVELOPMENT_TEAM = YN6HQB44NX;
				INFOPLIST_FILE = binkappTests/Info.plist;
				LD_RUNPATH_SEARCH_PATHS = (
					"$(inherited)",
					"@executable_path/Frameworks",
					"@loader_path/Frameworks",
				);
				PRODUCT_BUNDLE_IDENTIFIER = com.bink.wallet.binkappTests;
				PRODUCT_NAME = "$(TARGET_NAME)";
				SWIFT_VERSION = 5.0;
				TARGETED_DEVICE_FAMILY = "1,2";
				TEST_HOST = "$(BUILT_PRODUCTS_DIR)/binkapp.app/binkapp";
			};
			name = Debug;
		};
		5ECE049822CE579B001BA964 /* Release */ = {
			isa = XCBuildConfiguration;
			baseConfigurationReference = 6F8E73B24E8A8009DF9E4266 /* Pods-binkappTests.release.xcconfig */;
			buildSettings = {
				ALWAYS_EMBED_SWIFT_STANDARD_LIBRARIES = "$(inherited)";
				BUNDLE_LOADER = "$(TEST_HOST)";
				CODE_SIGN_STYLE = Automatic;
				DEVELOPMENT_TEAM = YN6HQB44NX;
				INFOPLIST_FILE = binkappTests/Info.plist;
				LD_RUNPATH_SEARCH_PATHS = (
					"$(inherited)",
					"@executable_path/Frameworks",
					"@loader_path/Frameworks",
				);
				PRODUCT_BUNDLE_IDENTIFIER = com.bink.wallet.binkappTests;
				PRODUCT_NAME = "$(TARGET_NAME)";
				SWIFT_VERSION = 5.0;
				TARGETED_DEVICE_FAMILY = "1,2";
				TEST_HOST = "$(BUILT_PRODUCTS_DIR)/binkapp.app/binkapp";
			};
			name = Release;
		};
		5ECE049A22CE579B001BA964 /* Debug */ = {
			isa = XCBuildConfiguration;
			baseConfigurationReference = 747EE940A8617CF70F3CD693 /* Pods-binkappUITests.debug.xcconfig */;
			buildSettings = {
				ALWAYS_EMBED_SWIFT_STANDARD_LIBRARIES = "$(inherited)";
				CODE_SIGN_STYLE = Automatic;
				DEVELOPMENT_TEAM = YN6HQB44NX;
				INFOPLIST_FILE = binkappUITests/Info.plist;
				LD_RUNPATH_SEARCH_PATHS = (
					"$(inherited)",
					"@executable_path/Frameworks",
					"@loader_path/Frameworks",
				);
				PRODUCT_BUNDLE_IDENTIFIER = com.bink.wallet.binkappUITests;
				PRODUCT_NAME = "$(TARGET_NAME)";
				SWIFT_VERSION = 5.0;
				TARGETED_DEVICE_FAMILY = "1,2";
				TEST_TARGET_NAME = binkapp;
			};
			name = Debug;
		};
		5ECE049B22CE579B001BA964 /* Release */ = {
			isa = XCBuildConfiguration;
			baseConfigurationReference = E7354EC1FB3CF368988428AD /* Pods-binkappUITests.release.xcconfig */;
			buildSettings = {
				ALWAYS_EMBED_SWIFT_STANDARD_LIBRARIES = "$(inherited)";
				CODE_SIGN_STYLE = Automatic;
				DEVELOPMENT_TEAM = YN6HQB44NX;
				INFOPLIST_FILE = binkappUITests/Info.plist;
				LD_RUNPATH_SEARCH_PATHS = (
					"$(inherited)",
					"@executable_path/Frameworks",
					"@loader_path/Frameworks",
				);
				PRODUCT_BUNDLE_IDENTIFIER = com.bink.wallet.binkappUITests;
				PRODUCT_NAME = "$(TARGET_NAME)";
				SWIFT_VERSION = 5.0;
				TARGETED_DEVICE_FAMILY = "1,2";
				TEST_TARGET_NAME = binkapp;
			};
			name = Release;
		};
/* End XCBuildConfiguration section */

/* Begin XCConfigurationList section */
		5ECE046322CE5797001BA964 /* Build configuration list for PBXProject "binkapp" */ = {
			isa = XCConfigurationList;
			buildConfigurations = (
				5ECE049122CE579B001BA964 /* Debug */,
				5ECE049222CE579B001BA964 /* Release */,
			);
			defaultConfigurationIsVisible = 0;
			defaultConfigurationName = Release;
		};
		5ECE049322CE579B001BA964 /* Build configuration list for PBXNativeTarget "binkapp" */ = {
			isa = XCConfigurationList;
			buildConfigurations = (
				5ECE049422CE579B001BA964 /* Debug */,
				5ECE049522CE579B001BA964 /* Release */,
			);
			defaultConfigurationIsVisible = 0;
			defaultConfigurationName = Release;
		};
		5ECE049622CE579B001BA964 /* Build configuration list for PBXNativeTarget "binkappTests" */ = {
			isa = XCConfigurationList;
			buildConfigurations = (
				5ECE049722CE579B001BA964 /* Debug */,
				5ECE049822CE579B001BA964 /* Release */,
			);
			defaultConfigurationIsVisible = 0;
			defaultConfigurationName = Release;
		};
		5ECE049922CE579B001BA964 /* Build configuration list for PBXNativeTarget "binkappUITests" */ = {
			isa = XCConfigurationList;
			buildConfigurations = (
				5ECE049A22CE579B001BA964 /* Debug */,
				5ECE049B22CE579B001BA964 /* Release */,
			);
			defaultConfigurationIsVisible = 0;
			defaultConfigurationName = Release;
		};
/* End XCConfigurationList section */

/* Begin XCVersionGroup section */
		5ECE047222CE5798001BA964 /* binkapp.xcdatamodeld */ = {
			isa = XCVersionGroup;
			children = (
				5ECE047322CE5798001BA964 /* binkapp.xcdatamodel */,
			);
			currentVersion = 5ECE047322CE5798001BA964 /* binkapp.xcdatamodel */;
			path = binkapp.xcdatamodeld;
			sourceTree = "<group>";
			versionGroupType = wrapper.xcdatamodel;
		};
/* End XCVersionGroup section */
	};
	rootObject = 5ECE046022CE5797001BA964 /* Project object */;
}
