{
  "object": {
    "pins": [
      {
        "package": "Facebook",
        "repositoryURL": "https://github.com/facebook/facebook-ios-sdk",
        "state": {
          "branch": null,
          "revision": "efb1705a421c85c022d45b8205e1a1f431f8ade8",
          "version": "9.0.0"
        }
      },
      {
        "package": "Sentry",
        "repositoryURL": "https://github.com/getsentry/sentry-cocoa.git",
        "state": {
          "branch": null,
          "revision": "20ef85674f04c23a3357dfac6f451fc44e64f941",
          "version": "6.1.2"
        }
      }
    ]
  },
  "version": 1
}
